{
  "name": "dns-server",
  "version": "1.0.0",
  "lockfileVersion": 1,
  "requires": true,
  "dependencies": {
    "network-serializer": {
      "version": "0.0.1",
      "resolved": "https://registry.npmjs.org/network-serializer/-/network-serializer-0.0.1.tgz",
      "integrity": "sha512-H0O8Vb7SMLRCgROcmk7bF6338D0HQOwdHK9Rw2EawolAQtmMVXXaNjc6bz+X+27l1R4qRQ8817F1uik7pv2CCQ=="
    }
  }
}
